{
  "name": "ajs_bibl",
  "version": "1.0.0",
  "lockfileVersion": 2,
  "requires": true,
  "packages": {
    "": {
      "name": "ajs_bibl",
      "version": "1.0.0",
      "license": "ISC",
      "dependencies": {
        "@khavatary/ajs": "^1.0.0"
      }
    },
    "node_modules/@khavatary/ajs": {
      "version": "1.0.0",
      "resolved": "https://npm.pkg.github.com/download/@khavatary/ajs/1.0.0/8a19c897d7cd92aa552c125edc46916a915f872f",
      "integrity": "sha512-bs/1V5e7QX3C7fX65QTi5CJfeVJWZXK+sEB2xIbwFMD9iykxLL3AjFObFLKiSpZrsS2QAU1ezwj8Xyg0LElGXQ==",
      "license": "ISC"
    }
  },
  "dependencies": {
    "@khavatary/ajs": {
      "version": "1.0.0",
      "resolved": "https://npm.pkg.github.com/download/@khavatary/ajs/1.0.0/8a19c897d7cd92aa552c125edc46916a915f872f",
      "integrity": "sha512-bs/1V5e7QX3C7fX65QTi5CJfeVJWZXK+sEB2xIbwFMD9iykxLL3AjFObFLKiSpZrsS2QAU1ezwj8Xyg0LElGXQ=="
    }
  }
}
